
Microsoft Visual Studio Solution File, Format Version 12.00
# Visual Studio 14
VisualStudioVersion = 14.0.25420.1
MinimumVisualStudioVersion = 10.0.40219.1
Project("{FAE04EC0-301F-11D3-BF4B-00C04F79EFBC}") = "MeasureItLib", "MeasureItLib.csproj", "{4F601CD8-1A8B-44AF-95C1-D19B42BE2D2C}"
EndProject
Project("{FAE04EC0-301F-11D3-BF4B-00C04F79EFBC}") = "MeasureIt", "..\MeasureIt\MeasureIt.csproj", "{D57F86CD-5C7F-4398-A4CD-313A893F6DED}"
EndProject
Global
	GlobalSection(SolutionConfigurationPlatforms) = preSolution
		Debug|Any CPU = Debug|Any CPU
		Release|Any CPU = Release|Any CPU
	EndGlobalSection
	GlobalSection(ProjectConfigurationPlatforms) = postSolution
		{4F601CD8-1A8B-44AF-95C1-D19B42BE2D2C}.Debug|Any CPU.ActiveCfg = Debug|Any CPU
		{4F601CD8-1A8B-44AF-95C1-D19B42BE2D2C}.Debug|Any CPU.Build.0 = Debug|Any CPU
		{4F601CD8-1A8B-44AF-95C1-D19B42BE2D2C}.Release|Any CPU.ActiveCfg = Release|Any CPU
		{4F601CD8-1A8B-44AF-95C1-D19B42BE2D2C}.Release|Any CPU.Build.0 = Release|Any CPU
		{D57F86CD-5C7F-4398-A4CD-313A893F6DED}.Debug|Any CPU.ActiveCfg = Debug|Any CPU
		{D57F86CD-5C7F-4398-A4CD-313A893F6DED}.Debug|Any CPU.Build.0 = Debug|Any CPU
		{D57F86CD-5C7F-4398-A4CD-313A893F6DED}.Release|Any CPU.ActiveCfg = Release|Any CPU
		{D57F86CD-5C7F-4398-A4CD-313A893F6DED}.Release|Any CPU.Build.0 = Release|Any CPU
	EndGlobalSection
	GlobalSection(SolutionProperties) = preSolution
		HideSolutionNode = FALSE
	EndGlobalSection
EndGlobal
